
Microsoft Visual Studio Solution File, Format Version 12.00
# Visual Studio 15
VisualStudioVersion = 15.0.28010.2048
MinimumVisualStudioVersion = 10.0.40219.1
Project("{FAE04EC0-301F-11D3-BF4B-00C04F79EFBC}") = "HelloMVC", "HelloMVC\HelloMVC.csproj", "{DD6685CF-0ACA-4707-B74F-8EBB21C514CC}"
EndProject
Global
	GlobalSection(SolutionConfigurationPlatforms) = preSolution
		Debug|Any CPU = Debug|Any CPU
		Release|Any CPU = Release|Any CPU
	EndGlobalSection
	GlobalSection(ProjectConfigurationPlatforms) = postSolution
		{DD6685CF-0ACA-4707-B74F-8EBB21C514CC}.Debug|Any CPU.ActiveCfg = Debug|Any CPU
		{DD6685CF-0ACA-4707-B74F-8EBB21C514CC}.Debug|Any CPU.Build.0 = Debug|Any CPU
		{DD6685CF-0ACA-4707-B74F-8EBB21C514CC}.Release|Any CPU.ActiveCfg = Release|Any CPU
		{DD6685CF-0ACA-4707-B74F-8EBB21C514CC}.Release|Any CPU.Build.0 = Release|Any CPU
	EndGlobalSection
	GlobalSection(SolutionProperties) = preSolution
		HideSolutionNode = FALSE
	EndGlobalSection
	GlobalSection(ExtensibilityGlobals) = postSolution
		SolutionGuid = {4600725F-D06D-47C5-82D8-C59287C1D247}
	EndGlobalSection
EndGlobal
